// !$*UTF8*$!
{
	archiveVersion = 1;
	classes = {
	};
	objectVersion = 46;
	objects = {

/* Begin PBXBuildFile section */
		AA271D7B1B4DF4CC00EA5BA6 /* AppDelegate.swift in Sources */ = {isa = PBXBuildFile; fileRef = AA271D7A1B4DF4CC00EA5BA6 /* AppDelegate.swift */; };
		AA271D7D1B4DF4CC00EA5BA6 /* ViewController.swift in Sources */ = {isa = PBXBuildFile; fileRef = AA271D7C1B4DF4CC00EA5BA6 /* ViewController.swift */; };
		AA271D801B4DF4CC00EA5BA6 /* Main.storyboard in Resources */ = {isa = PBXBuildFile; fileRef = AA271D7E1B4DF4CC00EA5BA6 /* Main.storyboard */; };
		AA271D821B4DF4CC00EA5BA6 /* Images.xcassets in Resources */ = {isa = PBXBuildFile; fileRef = AA271D811B4DF4CC00EA5BA6 /* Images.xcassets */; };
		AA271D851B4DF4CC00EA5BA6 /* LaunchScreen.xib in Resources */ = {isa = PBXBuildFile; fileRef = AA271D831B4DF4CC00EA5BA6 /* LaunchScreen.xib */; };
		AA271D911B4DF4CC00EA5BA6 /* Dating_AppTests.swift in Sources */ = {isa = PBXBuildFile; fileRef = AA271D901B4DF4CC00EA5BA6 /* Dating_AppTests.swift */; };
		AA271D9F1B4E196400EA5BA6 /* libsqlite3.0.dylib in Frameworks */ = {isa = PBXBuildFile; fileRef = AA271D9E1B4E196400EA5BA6 /* libsqlite3.0.dylib */; };
		AA271DA11B4E198200EA5BA6 /* libz.dylib in Frameworks */ = {isa = PBXBuildFile; fileRef = AA271DA01B4E198200EA5BA6 /* libz.dylib */; };
		AA271DA31B4E19C900EA5BA6 /* SystemConfiguration.framework in Frameworks */ = {isa = PBXBuildFile; fileRef = AA271DA21B4E19C900EA5BA6 /* SystemConfiguration.framework */; };
		AA271DA51B4E19FE00EA5BA6 /* StoreKit.framework in Frameworks */ = {isa = PBXBuildFile; fileRef = AA271DA41B4E19FE00EA5BA6 /* StoreKit.framework */; };
		AA271DA71B4E1A1300EA5BA6 /* Security.framework in Frameworks */ = {isa = PBXBuildFile; fileRef = AA271DA61B4E1A1300EA5BA6 /* Security.framework */; };
		AA271DA91B4E1A2A00EA5BA6 /* QuartzCore.framework in Frameworks */ = {isa = PBXBuildFile; fileRef = AA271DA81B4E1A2A00EA5BA6 /* QuartzCore.framework */; };
		AA271DAB1B4E1A4600EA5BA6 /* MobileCoreServices.framework in Frameworks */ = {isa = PBXBuildFile; fileRef = AA271DAA1B4E1A4600EA5BA6 /* MobileCoreServices.framework */; };
		AA271DAD1B4E1A6000EA5BA6 /* CoreLocation.framework in Frameworks */ = {isa = PBXBuildFile; fileRef = AA271DAC1B4E1A6000EA5BA6 /* CoreLocation.framework */; };
		AA271DAF1B4E1A8800EA5BA6 /* CoreGraphics.framework in Frameworks */ = {isa = PBXBuildFile; fileRef = AA271DAE1B4E1A8800EA5BA6 /* CoreGraphics.framework */; };
		AA271DB11B4E1A9B00EA5BA6 /* CFNetwork.framework in Frameworks */ = {isa = PBXBuildFile; fileRef = AA271DB01B4E1A9B00EA5BA6 /* CFNetwork.framework */; };
		AA271DB31B4E1AAD00EA5BA6 /* AudioToolbox.framework in Frameworks */ = {isa = PBXBuildFile; fileRef = AA271DB21B4E1AAD00EA5BA6 /* AudioToolbox.framework */; };
		AA271DCC1B4E23EA00EA5BA6 /* ViewControllerRegister.swift in Sources */ = {isa = PBXBuildFile; fileRef = AA271DCB1B4E23EA00EA5BA6 /* ViewControllerRegister.swift */; };
		AA271DCE1B4F8A3100EA5BA6 /* Find_Love_Intro.jpg in Resources */ = {isa = PBXBuildFile; fileRef = AA271DCD1B4F8A3100EA5BA6 /* Find_Love_Intro.jpg */; };
		AA271DD51B4F8A5800EA5BA6 /* Bolts.framework in Frameworks */ = {isa = PBXBuildFile; fileRef = AA271DCF1B4F8A5800EA5BA6 /* Bolts.framework */; };
		AA271DD61B4F8A5800EA5BA6 /* Parse.framework in Frameworks */ = {isa = PBXBuildFile; fileRef = AA271DD01B4F8A5800EA5BA6 /* Parse.framework */; };
		AA271DD71B4F8A5800EA5BA6 /* ParseCrashReporting.framework in Frameworks */ = {isa = PBXBuildFile; fileRef = AA271DD11B4F8A5800EA5BA6 /* ParseCrashReporting.framework */; };
		AA271DD81B4F8A5800EA5BA6 /* ParseFacebookUtils.framework in Frameworks */ = {isa = PBXBuildFile; fileRef = AA271DD21B4F8A5800EA5BA6 /* ParseFacebookUtils.framework */; };
		AA271DD91B4F8A5800EA5BA6 /* ParseFacebookUtilsV4.framework in Frameworks */ = {isa = PBXBuildFile; fileRef = AA271DD31B4F8A5800EA5BA6 /* ParseFacebookUtilsV4.framework */; };
		AA271DDA1B4F8A5800EA5BA6 /* ParseUI.framework in Frameworks */ = {isa = PBXBuildFile; fileRef = AA271DD41B4F8A5800EA5BA6 /* ParseUI.framework */; };
/* End PBXBuildFile section */

/* Begin PBXContainerItemProxy section */
		AA271D8B1B4DF4CC00EA5BA6 /* PBXContainerItemProxy */ = {
			isa = PBXContainerItemProxy;
			containerPortal = AA271D6D1B4DF4CC00EA5BA6 /* Project object */;
			proxyType = 1;
			remoteGlobalIDString = AA271D741B4DF4CC00EA5BA6;
			remoteInfo = Dating_App;
		};
/* End PBXContainerItemProxy section */

/* Begin PBXFileReference section */
		AA271D751B4DF4CC00EA5BA6 /* Dating_App.app */ = {isa = PBXFileReference; explicitFileType = wrapper.application; includeInIndex = 0; path = Dating_App.app; sourceTree = BUILT_PRODUCTS_DIR; };
		AA271D791B4DF4CC00EA5BA6 /* Info.plist */ = {isa = PBXFileReference; lastKnownFileType = text.plist.xml; path = Info.plist; sourceTree = "<group>"; };
		AA271D7A1B4DF4CC00EA5BA6 /* AppDelegate.swift */ = {isa = PBXFileReference; lastKnownFileType = sourcecode.swift; path = AppDelegate.swift; sourceTree = "<group>"; };
		AA271D7C1B4DF4CC00EA5BA6 /* ViewController.swift */ = {isa = PBXFileReference; lastKnownFileType = sourcecode.swift; path = ViewController.swift; sourceTree = "<group>"; };
		AA271D7F1B4DF4CC00EA5BA6 /* Base */ = {isa = PBXFileReference; lastKnownFileType = file.storyboard; name = Base; path = Base.lproj/Main.storyboard; sourceTree = "<group>"; };
		AA271D811B4DF4CC00EA5BA6 /* Images.xcassets */ = {isa = PBXFileReference; lastKnownFileType = folder.assetcatalog; path = Images.xcassets; sourceTree = "<group>"; };
		AA271D841B4DF4CC00EA5BA6 /* Base */ = {isa = PBXFileReference; lastKnownFileType = file.xib; name = Base; path = Base.lproj/LaunchScreen.xib; sourceTree = "<group>"; };
		AA271D8A1B4DF4CC00EA5BA6 /* Dating_AppTests.xctest */ = {isa = PBXFileReference; explicitFileType = wrapper.cfbundle; includeInIndex = 0; path = Dating_AppTests.xctest; sourceTree = BUILT_PRODUCTS_DIR; };
		AA271D8F1B4DF4CC00EA5BA6 /* Info.plist */ = {isa = PBXFileReference; lastKnownFileType = text.plist.xml; path = Info.plist; sourceTree = "<group>"; };
		AA271D901B4DF4CC00EA5BA6 /* Dating_AppTests.swift */ = {isa = PBXFileReference; lastKnownFileType = sourcecode.swift; path = Dating_AppTests.swift; sourceTree = "<group>"; };
		AA271D9E1B4E196400EA5BA6 /* libsqlite3.0.dylib */ = {isa = PBXFileReference; lastKnownFileType = "compiled.mach-o.dylib"; name = libsqlite3.0.dylib; path = usr/lib/libsqlite3.0.dylib; sourceTree = SDKROOT; };
		AA271DA01B4E198200EA5BA6 /* libz.dylib */ = {isa = PBXFileReference; lastKnownFileType = "compiled.mach-o.dylib"; name = libz.dylib; path = usr/lib/libz.dylib; sourceTree = SDKROOT; };
		AA271DA21B4E19C900EA5BA6 /* SystemConfiguration.framework */ = {isa = PBXFileReference; lastKnownFileType = wrapper.framework; name = SystemConfiguration.framework; path = System/Library/Frameworks/SystemConfiguration.framework; sourceTree = SDKROOT; };
		AA271DA41B4E19FE00EA5BA6 /* StoreKit.framework */ = {isa = PBXFileReference; lastKnownFileType = wrapper.framework; name = StoreKit.framework; path = System/Library/Frameworks/StoreKit.framework; sourceTree = SDKROOT; };
		AA271DA61B4E1A1300EA5BA6 /* Security.framework */ = {isa = PBXFileReference; lastKnownFileType = wrapper.framework; name = Security.framework; path = System/Library/Frameworks/Security.framework; sourceTree = SDKROOT; };
		AA271DA81B4E1A2A00EA5BA6 /* QuartzCore.framework */ = {isa = PBXFileReference; lastKnownFileType = wrapper.framework; name = QuartzCore.framework; path = System/Library/Frameworks/QuartzCore.framework; sourceTree = SDKROOT; };
		AA271DAA1B4E1A4600EA5BA6 /* MobileCoreServices.framework */ = {isa = PBXFileReference; lastKnownFileType = wrapper.framework; name = MobileCoreServices.framework; path = System/Library/Frameworks/MobileCoreServices.framework; sourceTree = SDKROOT; };
		AA271DAC1B4E1A6000EA5BA6 /* CoreLocation.framework */ = {isa = PBXFileReference; lastKnownFileType = wrapper.framework; name = CoreLocation.framework; path = System/Library/Frameworks/CoreLocation.framework; sourceTree = SDKROOT; };
		AA271DAE1B4E1A8800EA5BA6 /* CoreGraphics.framework */ = {isa = PBXFileReference; lastKnownFileType = wrapper.framework; name = CoreGraphics.framework; path = System/Library/Frameworks/CoreGraphics.framework; sourceTree = SDKROOT; };
		AA271DB01B4E1A9B00EA5BA6 /* CFNetwork.framework */ = {isa = PBXFileReference; lastKnownFileType = wrapper.framework; name = CFNetwork.framework; path = System/Library/Frameworks/CFNetwork.framework; sourceTree = SDKROOT; };
		AA271DB21B4E1AAD00EA5BA6 /* AudioToolbox.framework */ = {isa = PBXFileReference; lastKnownFileType = wrapper.framework; name = AudioToolbox.framework; path = System/Library/Frameworks/AudioToolbox.framework; sourceTree = SDKROOT; };
		AA271DC61B4E1C6F00EA5BA6 /* Dating_App-Bridging-Header.h */ = {isa = PBXFileReference; lastKnownFileType = sourcecode.c.h; path = "Dating_App-Bridging-Header.h"; sourceTree = "<group>"; };
		AA271DCB1B4E23EA00EA5BA6 /* ViewControllerRegister.swift */ = {isa = PBXFileReference; fileEncoding = 4; lastKnownFileType = sourcecode.swift; path = ViewControllerRegister.swift; sourceTree = "<group>"; };
		AA271DCD1B4F8A3100EA5BA6 /* Find_Love_Intro.jpg */ = {isa = PBXFileReference; lastKnownFileType = image.jpeg; path = Find_Love_Intro.jpg; sourceTree = SOURCE_ROOT; };
		AA271DCF1B4F8A5800EA5BA6 /* Bolts.framework */ = {isa = PBXFileReference; lastKnownFileType = wrapper.framework; name = Bolts.framework; path = "parse-library/Bolts.framework"; sourceTree = SOURCE_ROOT; };
		AA271DD01B4F8A5800EA5BA6 /* Parse.framework */ = {isa = PBXFileReference; lastKnownFileType = wrapper.framework; name = Parse.framework; path = "parse-library/Parse.framework"; sourceTree = SOURCE_ROOT; };
		AA271DD11B4F8A5800EA5BA6 /* ParseCrashReporting.framework */ = {isa = PBXFileReference; lastKnownFileType = wrapper.framework; name = ParseCrashReporting.framework; path = "parse-library/ParseCrashReporting.framework"; sourceTree = SOURCE_ROOT; };
		AA271DD21B4F8A5800EA5BA6 /* ParseFacebookUtils.framework */ = {isa = PBXFileReference; lastKnownFileType = wrapper.framework; name = ParseFacebookUtils.framework; path = "parse-library/ParseFacebookUtils.framework"; sourceTree = SOURCE_ROOT; };
		AA271DD31B4F8A5800EA5BA6 /* ParseFacebookUtilsV4.framework */ = {isa = PBXFileReference; lastKnownFileType = wrapper.framework; name = ParseFacebookUtilsV4.framework; path = "parse-library/ParseFacebookUtilsV4.framework"; sourceTree = SOURCE_ROOT; };
		AA271DD41B4F8A5800EA5BA6 /* ParseUI.framework */ = {isa = PBXFileReference; lastKnownFileType = wrapper.framework; name = ParseUI.framework; path = "parse-library/ParseUI.framework"; sourceTree = SOURCE_ROOT; };
/* End PBXFileReference section */

/* Begin PBXFrameworksBuildPhase section */
		AA271D721B4DF4CC00EA5BA6 /* Frameworks */ = {
			isa = PBXFrameworksBuildPhase;
			buildActionMask = 2147483647;
			files = (
				AA271DB31B4E1AAD00EA5BA6 /* AudioToolbox.framework in Frameworks */,
				AA271DB11B4E1A9B00EA5BA6 /* CFNetwork.framework in Frameworks */,
				AA271DAF1B4E1A8800EA5BA6 /* CoreGraphics.framework in Frameworks */,
				AA271DD51B4F8A5800EA5BA6 /* Bolts.framework in Frameworks */,
				AA271DAD1B4E1A6000EA5BA6 /* CoreLocation.framework in Frameworks */,
				AA271DD71B4F8A5800EA5BA6 /* ParseCrashReporting.framework in Frameworks */,
				AA271DAB1B4E1A4600EA5BA6 /* MobileCoreServices.framework in Frameworks */,
				AA271DD61B4F8A5800EA5BA6 /* Parse.framework in Frameworks */,
				AA271DD81B4F8A5800EA5BA6 /* ParseFacebookUtils.framework in Frameworks */,
				AA271DDA1B4F8A5800EA5BA6 /* ParseUI.framework in Frameworks */,
				AA271DA91B4E1A2A00EA5BA6 /* QuartzCore.framework in Frameworks */,
				AA271DD91B4F8A5800EA5BA6 /* ParseFacebookUtilsV4.framework in Frameworks */,
				AA271DA71B4E1A1300EA5BA6 /* Security.framework in Frameworks */,
				AA271DA51B4E19FE00EA5BA6 /* StoreKit.framework in Frameworks */,
				AA271DA31B4E19C900EA5BA6 /* SystemConfiguration.framework in Frameworks */,
				AA271DA11B4E198200EA5BA6 /* libz.dylib in Frameworks */,
				AA271D9F1B4E196400EA5BA6 /* libsqlite3.0.dylib in Frameworks */,
			);
			runOnlyForDeploymentPostprocessing = 0;
		};
		AA271D871B4DF4CC00EA5BA6 /* Frameworks */ = {
			isa = PBXFrameworksBuildPhase;
			buildActionMask = 2147483647;
			files = (
			);
			runOnlyForDeploymentPostprocessing = 0;
		};
/* End PBXFrameworksBuildPhase section */

/* Begin PBXGroup section */
		AA271D6C1B4DF4CC00EA5BA6 = {
			isa = PBXGroup;
			children = (
				AA271DC01B4E1B2B00EA5BA6 /* Frameworks */,
				AA271D771B4DF4CC00EA5BA6 /* Dating_App */,
				AA271D8D1B4DF4CC00EA5BA6 /* Dating_AppTests */,
				AA271D761B4DF4CC00EA5BA6 /* Products */,
			);
			sourceTree = "<group>";
		};
		AA271D761B4DF4CC00EA5BA6 /* Products */ = {
			isa = PBXGroup;
			children = (
				AA271D751B4DF4CC00EA5BA6 /* Dating_App.app */,
				AA271D8A1B4DF4CC00EA5BA6 /* Dating_AppTests.xctest */,
			);
			name = Products;
			sourceTree = "<group>";
		};
		AA271D771B4DF4CC00EA5BA6 /* Dating_App */ = {
			isa = PBXGroup;
			children = (
				AA271D7A1B4DF4CC00EA5BA6 /* AppDelegate.swift */,
				AA271D7C1B4DF4CC00EA5BA6 /* ViewController.swift */,
				AA271DCB1B4E23EA00EA5BA6 /* ViewControllerRegister.swift */,
				AA271D7E1B4DF4CC00EA5BA6 /* Main.storyboard */,
				AA271D811B4DF4CC00EA5BA6 /* Images.xcassets */,
				AA271DCD1B4F8A3100EA5BA6 /* Find_Love_Intro.jpg */,
				AA271D831B4DF4CC00EA5BA6 /* LaunchScreen.xib */,
				AA271D781B4DF4CC00EA5BA6 /* Supporting Files */,
			);
			path = Dating_App;
			sourceTree = "<group>";
		};
		AA271D781B4DF4CC00EA5BA6 /* Supporting Files */ = {
			isa = PBXGroup;
			children = (
				AA271D791B4DF4CC00EA5BA6 /* Info.plist */,
				AA271DC61B4E1C6F00EA5BA6 /* Dating_App-Bridging-Header.h */,
			);
			name = "Supporting Files";
			sourceTree = "<group>";
		};
		AA271D8D1B4DF4CC00EA5BA6 /* Dating_AppTests */ = {
			isa = PBXGroup;
			children = (
				AA271D901B4DF4CC00EA5BA6 /* Dating_AppTests.swift */,
				AA271D8E1B4DF4CC00EA5BA6 /* Supporting Files */,
			);
			path = Dating_AppTests;
			sourceTree = "<group>";
		};
		AA271D8E1B4DF4CC00EA5BA6 /* Supporting Files */ = {
			isa = PBXGroup;
			children = (
				AA271D8F1B4DF4CC00EA5BA6 /* Info.plist */,
			);
			name = "Supporting Files";
			sourceTree = "<group>";
		};
		AA271DC01B4E1B2B00EA5BA6 /* Frameworks */ = {
			isa = PBXGroup;
			children = (
				AA271DCF1B4F8A5800EA5BA6 /* Bolts.framework */,
				AA271DD01B4F8A5800EA5BA6 /* Parse.framework */,
				AA271DD11B4F8A5800EA5BA6 /* ParseCrashReporting.framework */,
				AA271DD21B4F8A5800EA5BA6 /* ParseFacebookUtils.framework */,
				AA271DD31B4F8A5800EA5BA6 /* ParseFacebookUtilsV4.framework */,
				AA271DD41B4F8A5800EA5BA6 /* ParseUI.framework */,
				AA271DB21B4E1AAD00EA5BA6 /* AudioToolbox.framework */,
				AA271DB01B4E1A9B00EA5BA6 /* CFNetwork.framework */,
				AA271DAE1B4E1A8800EA5BA6 /* CoreGraphics.framework */,
				AA271DAC1B4E1A6000EA5BA6 /* CoreLocation.framework */,
				AA271DAA1B4E1A4600EA5BA6 /* MobileCoreServices.framework */,
				AA271DA81B4E1A2A00EA5BA6 /* QuartzCore.framework */,
				AA271DA61B4E1A1300EA5BA6 /* Security.framework */,
				AA271DA41B4E19FE00EA5BA6 /* StoreKit.framework */,
				AA271DA21B4E19C900EA5BA6 /* SystemConfiguration.framework */,
				AA271DA01B4E198200EA5BA6 /* libz.dylib */,
				AA271D9E1B4E196400EA5BA6 /* libsqlite3.0.dylib */,
			);
			name = Frameworks;
			path = Dating_App;
			sourceTree = "<group>";
		};
/* End PBXGroup section */

/* Begin PBXNativeTarget section */
		AA271D741B4DF4CC00EA5BA6 /* Dating_App */ = {
			isa = PBXNativeTarget;
			buildConfigurationList = AA271D941B4DF4CC00EA5BA6 /* Build configuration list for PBXNativeTarget "Dating_App" */;
			buildPhases = (
				AA271D711B4DF4CC00EA5BA6 /* Sources */,
				AA271D721B4DF4CC00EA5BA6 /* Frameworks */,
				AA271D731B4DF4CC00EA5BA6 /* Resources */,
			);
			buildRules = (
			);
			dependencies = (
			);
			name = Dating_App;
			productName = Dating_App;
			productReference = AA271D751B4DF4CC00EA5BA6 /* Dating_App.app */;
			productType = "com.apple.product-type.application";
		};
		AA271D891B4DF4CC00EA5BA6 /* Dating_AppTests */ = {
			isa = PBXNativeTarget;
			buildConfigurationList = AA271D971B4DF4CC00EA5BA6 /* Build configuration list for PBXNativeTarget "Dating_AppTests" */;
			buildPhases = (
				AA271D861B4DF4CC00EA5BA6 /* Sources */,
				AA271D871B4DF4CC00EA5BA6 /* Frameworks */,
				AA271D881B4DF4CC00EA5BA6 /* Resources */,
			);
			buildRules = (
			);
			dependencies = (
				AA271D8C1B4DF4CC00EA5BA6 /* PBXTargetDependency */,
			);
			name = Dating_AppTests;
			productName = Dating_AppTests;
			productReference = AA271D8A1B4DF4CC00EA5BA6 /* Dating_AppTests.xctest */;
			productType = "com.apple.product-type.bundle.unit-test";
		};
/* End PBXNativeTarget section */

/* Begin PBXProject section */
		AA271D6D1B4DF4CC00EA5BA6 /* Project object */ = {
			isa = PBXProject;
			attributes = {
				LastSwiftUpdateCheck = 0730;
				LastUpgradeCheck = 0630;
				ORGANIZATIONNAME = "Clement Chan";
				TargetAttributes = {
					AA271D741B4DF4CC00EA5BA6 = {
						CreatedOnToolsVersion = 6.3.2;
					};
					AA271D891B4DF4CC00EA5BA6 = {
						CreatedOnToolsVersion = 6.3.2;
						TestTargetID = AA271D741B4DF4CC00EA5BA6;
					};
				};
			};
			buildConfigurationList = AA271D701B4DF4CC00EA5BA6 /* Build configuration list for PBXProject "Dating_App" */;
			compatibilityVersion = "Xcode 3.2";
			developmentRegion = English;
			hasScannedForEncodings = 0;
			knownRegions = (
				en,
				Base,
			);
			mainGroup = AA271D6C1B4DF4CC00EA5BA6;
			productRefGroup = AA271D761B4DF4CC00EA5BA6 /* Products */;
			projectDirPath = "";
			projectRoot = "";
			targets = (
				AA271D741B4DF4CC00EA5BA6 /* Dating_App */,
				AA271D891B4DF4CC00EA5BA6 /* Dating_AppTests */,
			);
		};
/* End PBXProject section */

/* Begin PBXResourcesBuildPhase section */
		AA271D731B4DF4CC00EA5BA6 /* Resources */ = {
			isa = PBXResourcesBuildPhase;
			buildActionMask = 2147483647;
			files = (
				AA271DCE1B4F8A3100EA5BA6 /* Find_Love_Intro.jpg in Resources */,
				AA271D801B4DF4CC00EA5BA6 /* Main.storyboard in Resources */,
				AA271D851B4DF4CC00EA5BA6 /* LaunchScreen.xib in Resources */,
				AA271D821B4DF4CC00EA5BA6 /* Images.xcassets in Resources */,
			);
			runOnlyForDeploymentPostprocessing = 0;
		};
		AA271D881B4DF4CC00EA5BA6 /* Resources */ = {
			isa = PBXResourcesBuildPhase;
			buildActionMask = 2147483647;
			files = (
			);
			runOnlyForDeploymentPostprocessing = 0;
		};
/* End PBXResourcesBuildPhase section */

/* Begin PBXSourcesBuildPhase section */
		AA271D711B4DF4CC00EA5BA6 /* Sources */ = {
			isa = PBXSourcesBuildPhase;
			buildActionMask = 2147483647;
			files = (
				AA271D7D1B4DF4CC00EA5BA6 /* ViewController.swift in Sources */,
				AA271D7B1B4DF4CC00EA5BA6 /* AppDelegate.swift in Sources */,
				AA271DCC1B4E23EA00EA5BA6 /* ViewControllerRegister.swift in Sources */,
			);
			runOnlyForDeploymentPostprocessing = 0;
		};
		AA271D861B4DF4CC00EA5BA6 /* Sources */ = {
			isa = PBXSourcesBuildPhase;
			buildActionMask = 2147483647;
			files = (
				AA271D911B4DF4CC00EA5BA6 /* Dating_AppTests.swift in Sources */,
			);
			runOnlyForDeploymentPostprocessing = 0;
		};
/* End PBXSourcesBuildPhase section */

/* Begin PBXTargetDependency section */
		AA271D8C1B4DF4CC00EA5BA6 /* PBXTargetDependency */ = {
			isa = PBXTargetDependency;
			target = AA271D741B4DF4CC00EA5BA6 /* Dating_App */;
			targetProxy = AA271D8B1B4DF4CC00EA5BA6 /* PBXContainerItemProxy */;
		};
/* End PBXTargetDependency section */

/* Begin PBXVariantGroup section */
		AA271D7E1B4DF4CC00EA5BA6 /* Main.storyboard */ = {
			isa = PBXVariantGroup;
			children = (
				AA271D7F1B4DF4CC00EA5BA6 /* Base */,
			);
			name = Main.storyboard;
			sourceTree = "<group>";
		};
		AA271D831B4DF4CC00EA5BA6 /* LaunchScreen.xib */ = {
			isa = PBXVariantGroup;
			children = (
				AA271D841B4DF4CC00EA5BA6 /* Base */,
			);
			name = LaunchScreen.xib;
			sourceTree = "<group>";
		};
/* End PBXVariantGroup section */

/* Begin XCBuildConfiguration section */
		AA271D921B4DF4CC00EA5BA6 /* Debug */ = {
			isa = XCBuildConfiguration;
			buildSettings = {
				ALWAYS_SEARCH_USER_PATHS = NO;
				CLANG_CXX_LANGUAGE_STANDARD = "gnu++0x";
				CLANG_CXX_LIBRARY = "libc++";
				CLANG_ENABLE_MODULES = YES;
				CLANG_ENABLE_OBJC_ARC = YES;
				CLANG_WARN_BOOL_CONVERSION = YES;
				CLANG_WARN_CONSTANT_CONVERSION = YES;
				CLANG_WARN_DIRECT_OBJC_ISA_USAGE = YES_ERROR;
				CLANG_WARN_EMPTY_BODY = YES;
				CLANG_WARN_ENUM_CONVERSION = YES;
				CLANG_WARN_INT_CONVERSION = YES;
				CLANG_WARN_OBJC_ROOT_CLASS = YES_ERROR;
				CLANG_WARN_UNREACHABLE_CODE = YES;
				CLANG_WARN__DUPLICATE_METHOD_MATCH = YES;
				"CODE_SIGN_IDENTITY[sdk=iphoneos*]" = "iPhone Developer";
				COPY_PHASE_STRIP = NO;
				DEBUG_INFORMATION_FORMAT = "dwarf-with-dsym";
				ENABLE_STRICT_OBJC_MSGSEND = YES;
				GCC_C_LANGUAGE_STANDARD = gnu99;
				GCC_DYNAMIC_NO_PIC = NO;
				GCC_NO_COMMON_BLOCKS = YES;
				GCC_OPTIMIZATION_LEVEL = 0;
				GCC_PREPROCESSOR_DEFINITIONS = (
					"DEBUG=1",
					"$(inherited)",
				);
				GCC_SYMBOLS_PRIVATE_EXTERN = NO;
				GCC_WARN_64_TO_32_BIT_CONVERSION = YES;
				GCC_WARN_ABOUT_RETURN_TYPE = YES_ERROR;
				GCC_WARN_UNDECLARED_SELECTOR = YES;
				GCC_WARN_UNINITIALIZED_AUTOS = YES_AGGRESSIVE;
				GCC_WARN_UNUSED_FUNCTION = YES;
				GCC_WARN_UNUSED_VARIABLE = YES;
				IPHONEOS_DEPLOYMENT_TARGET = 8.3;
				MTL_ENABLE_DEBUG_INFO = YES;
				ONLY_ACTIVE_ARCH = YES;
				SDKROOT = iphoneos;
				SWIFT_OPTIMIZATION_LEVEL = "-Onone";
			};
			name = Debug;
		};
		AA271D931B4DF4CC00EA5BA6 /* Release */ = {
			isa = XCBuildConfiguration;
			buildSettings = {
				ALWAYS_SEARCH_USER_PATHS = NO;
				CLANG_CXX_LANGUAGE_STANDARD = "gnu++0x";
				CLANG_CXX_LIBRARY = "libc++";
				CLANG_ENABLE_MODULES = YES;
				CLANG_ENABLE_OBJC_ARC = YES;
				CLANG_WARN_BOOL_CONVERSION = YES;
				CLANG_WARN_CONSTANT_CONVERSION = YES;
				CLANG_WARN_DIRECT_OBJC_ISA_USAGE = YES_ERROR;
				CLANG_WARN_EMPTY_BODY = YES;
				CLANG_WARN_ENUM_CONVERSION = YES;
				CLANG_WARN_INT_CONVERSION = YES;
				CLANG_WARN_OBJC_ROOT_CLASS = YES_ERROR;
				CLANG_WARN_UNREACHABLE_CODE = YES;
				CLANG_WARN__DUPLICATE_METHOD_MATCH = YES;
				"CODE_SIGN_IDENTITY[sdk=iphoneos*]" = "iPhone Developer";
				COPY_PHASE_STRIP = NO;
				DEBUG_INFORMATION_FORMAT = "dwarf-with-dsym";
				ENABLE_NS_ASSERTIONS = NO;
				ENABLE_STRICT_OBJC_MSGSEND = YES;
				GCC_C_LANGUAGE_STANDARD = gnu99;
				GCC_NO_COMMON_BLOCKS = YES;
				GCC_WARN_64_TO_32_BIT_CONVERSION = YES;
				GCC_WARN_ABOUT_RETURN_TYPE = YES_ERROR;
				GCC_WARN_UNDECLARED_SELECTOR = YES;
				GCC_WARN_UNINITIALIZED_AUTOS = YES_AGGRESSIVE;
				GCC_WARN_UNUSED_FUNCTION = YES;
				GCC_WARN_UNUSED_VARIABLE = YES;
				IPHONEOS_DEPLOYMENT_TARGET = 8.3;
				MTL_ENABLE_DEBUG_INFO = NO;
				SDKROOT = iphoneos;
				VALIDATE_PRODUCT = YES;
			};
			name = Release;
		};
		AA271D951B4DF4CC00EA5BA6 /* Debug */ = {
			isa = XCBuildConfiguration;
			buildSettings = {
				ASSETCATALOG_COMPILER_APPICON_NAME = AppIcon;
				CLANG_ENABLE_MODULES = YES;
				FRAMEWORK_SEARCH_PATHS = (
					"$(inherited)",
					"/Users/clement_chan_pig/Documents/iOS_App/parse-library-1",
					"$(PROJECT_DIR)/parse-library",
				);
				INFOPLIST_FILE = Dating_App/Info.plist;
				LD_RUNPATH_SEARCH_PATHS = "$(inherited) @executable_path/Frameworks";
				PRODUCT_NAME = "$(TARGET_NAME)";
				SWIFT_OBJC_BRIDGING_HEADER = "Dating_App/Dating_App-Bridging-Header.h";
				SWIFT_OPTIMIZATION_LEVEL = "-Onone";
			};
			name = Debug;
		};
		AA271D961B4DF4CC00EA5BA6 /* Release */ = {
			isa = XCBuildConfiguration;
			buildSettings = {
				ASSETCATALOG_COMPILER_APPICON_NAME = AppIcon;
				CLANG_ENABLE_MODULES = YES;
				FRAMEWORK_SEARCH_PATHS = (
					"$(inherited)",
					"/Users/clement_chan_pig/Documents/iOS_App/parse-library-1",
					"$(PROJECT_DIR)/parse-library",
				);
				INFOPLIST_FILE = Dating_App/Info.plist;
				LD_RUNPATH_SEARCH_PATHS = "$(inherited) @executable_path/Frameworks";
				PRODUCT_NAME = "$(TARGET_NAME)";
				SWIFT_OBJC_BRIDGING_HEADER = "Dating_App/Dating_App-Bridging-Header.h";
			};
			name = Release;
		};
		AA271D981B4DF4CC00EA5BA6 /* Debug */ = {
			isa = XCBuildConfiguration;
			buildSettings = {
				BUNDLE_LOADER = "$(TEST_HOST)";
				FRAMEWORK_SEARCH_PATHS = (
					"$(SDKROOT)/Developer/Library/Frameworks",
					"$(inherited)",
				);
				GCC_PREPROCESSOR_DEFINITIONS = (
					"DEBUG=1",
					"$(inherited)",
				);
				INFOPLIST_FILE = Dating_AppTests/Info.plist;
				LD_RUNPATH_SEARCH_PATHS = "$(inherited) @executable_path/Frameworks @loader_path/Frameworks";
				PRODUCT_NAME = "$(TARGET_NAME)";
				TEST_HOST = "$(BUILT_PRODUCTS_DIR)/Dating_App.app/Dating_App";
			};
			name = Debug;
		};
		AA271D991B4DF4CC00EA5BA6 /* Release */ = {
			isa = XCBuildConfiguration;
			buildSettings = {
				BUNDLE_LOADER = "$(TEST_HOST)";
				FRAMEWORK_SEARCH_PATHS = (
					"$(SDKROOT)/Developer/Library/Frameworks",
					"$(inherited)",
				);
				INFOPLIST_FILE = Dating_AppTests/Info.plist;
				LD_RUNPATH_SEARCH_PATHS = "$(inherited) @executable_path/Frameworks @loader_path/Frameworks";
				PRODUCT_NAME = "$(TARGET_NAME)";
				TEST_HOST = "$(BUILT_PRODUCTS_DIR)/Dating_App.app/Dating_App";
			};
			name = Release;
		};
/* End XCBuildConfiguration section */

/* Begin XCConfigurationList section */
		AA271D701B4DF4CC00EA5BA6 /* Build configuration list for PBXProject "Dating_App" */ = {
			isa = XCConfigurationList;
			buildConfigurations = (
				AA271D921B4DF4CC00EA5BA6 /* Debug */,
				AA271D931B4DF4CC00EA5BA6 /* Release */,
			);
			defaultConfigurationIsVisible = 0;
			defaultConfigurationName = Release;
		};
		AA271D941B4DF4CC00EA5BA6 /* Build configuration list for PBXNativeTarget "Dating_App" */ = {
			isa = XCConfigurationList;
			buildConfigurations = (
				AA271D951B4DF4CC00EA5BA6 /* Debug */,
				AA271D961B4DF4CC00EA5BA6 /* Release */,
			);
			defaultConfigurationIsVisible = 0;
			defaultConfigurationName = Release;
		};
		AA271D971B4DF4CC00EA5BA6 /* Build configuration list for PBXNativeTarget "Dating_AppTests" */ = {
			isa = XCConfigurationList;
			buildConfigurations = (
				AA271D981B4DF4CC00EA5BA6 /* Debug */,
				AA271D991B4DF4CC00EA5BA6 /* Release */,
			);
			defaultConfigurationIsVisible = 0;
			defaultConfigurationName = Release;
		};
/* End XCConfigurationList section */
	};
	rootObject = AA271D6D1B4DF4CC00EA5BA6 /* Project object */;
}
